
Microsoft Visual Studio Solution File, Format Version 12.00
# Visual Studio Version 17
VisualStudioVersion = 17.1.32407.343
MinimumVisualStudioVersion = 10.0.40219.1
Project("{FAE04EC0-301F-11D3-BF4B-00C04F79EFBC}") = "Day 34 Practice Problems", "Day 34 Practice Problems\Day 34 Practice Problems.csproj", "{8DAC3D9D-9996-4420-B671-B1CE24CBBA85}"
EndProject
Global
	GlobalSection(SolutionConfigurationPlatforms) = preSolution
		Debug|Any CPU = Debug|Any CPU
		Release|Any CPU = Release|Any CPU
	EndGlobalSection
	GlobalSection(ProjectConfigurationPlatforms) = postSolution
		{8DAC3D9D-9996-4420-B671-B1CE24CBBA85}.Debug|Any CPU.ActiveCfg = Debug|Any CPU
		{8DAC3D9D-9996-4420-B671-B1CE24CBBA85}.Debug|Any CPU.Build.0 = Debug|Any CPU
		{8DAC3D9D-9996-4420-B671-B1CE24CBBA85}.Release|Any CPU.ActiveCfg = Release|Any CPU
		{8DAC3D9D-9996-4420-B671-B1CE24CBBA85}.Release|Any CPU.Build.0 = Release|Any CPU
	EndGlobalSection
	GlobalSection(SolutionProperties) = preSolution
		HideSolutionNode = FALSE
	EndGlobalSection
	GlobalSection(ExtensibilityGlobals) = postSolution
		SolutionGuid = {2B8C0D40-653A-4D33-9F2D-13ED0B6A947B}
	EndGlobalSection
EndGlobal
